schema: '2.0'
stages:
  load_data:
    cmd: python src/load_data.py --config=params.yaml
    deps:
    - path: data_given/winequality.csv
      hash: md5
      md5: ccc8d3507eb151f53f760d36abdef888
      size: 91998
    - path: src/get_data.py
      hash: md5
      md5: 930d72b1e397112a4d364b179157f3f7
      size: 652
    - path: src/load_data.py
      hash: md5
      md5: c792d569779ad0b307d45abf00f8bd7f
      size: 695
    outs:
    - path: data/raw/winequality.csv
      hash: md5
      md5: 069b522b0321bc25a626ceeffcb8eb44
      size: 93598
  split_data:
    cmd: python src/split_data.py --config=params.yaml
    deps:
    - path: data/raw/winequality.csv
      hash: md5
      md5: 069b522b0321bc25a626ceeffcb8eb44
      size: 93598
    - path: src/get_data.py
      hash: md5
      md5: 930d72b1e397112a4d364b179157f3f7
      size: 652
    - path: src/split_data.py
      hash: md5
      md5: 901fc032716deb60327a9596c626f502
      size: 1072
    outs:
    - path: data/processed/test_winequality.csv
      hash: md5
      md5: b5330cc5d8e04cbe2e28cf3853a0a182
      size: 20213
    - path: data/processed/train_winequality.csv
      hash: md5
      md5: d47e6ca3123b0130ee378622b144ec4d
      size: 80418
  train_and_evaluate:
    cmd: python src/train_and_evaluate.py --config=params.yaml
    deps:
    - path: data/processed/test_winequality.csv
      hash: md5
      md5: b5330cc5d8e04cbe2e28cf3853a0a182
      size: 20213
    - path: data/processed/train_winequality.csv
      hash: md5
      md5: d47e6ca3123b0130ee378622b144ec4d
      size: 80418
    - path: src/train_and_evaluate.py
      hash: md5
      md5: 5f1edfe9652a774d10450bb5bf861268
      size: 2611
    params:
      params.yaml:
        estimators.ElasticNet.params.alpha: 0.8
        estimators.ElasticNet.params.l1_ratio: 0.5
    outs:
    - path: report/params.json
      hash: md5
      md5: cd9225c845f74a347b0294f6d12e2e14
      size: 44
    - path: report/scores.json
      hash: md5
      md5: 2ef5e54bb332b6742b24d141f6c41e9d
      size: 100
    - path: saved_models/model.joblib
      hash: md5
      md5: ff63d4cfefa09378ae31ac77ec00e3f6
      size: 1255
